// !$*UTF8*$!
{
	archiveVersion = 1;
	classes = {
	};
	objectVersion = 56;
	objects = {

/* Begin PBXBuildFile section */
		164651A72A364F5E008381AD /* AppDelegate.swift in Sources */ = {isa = PBXBuildFile; fileRef = 164651A62A364F5E008381AD /* AppDelegate.swift */; };
		164651A92A364F5E008381AD /* SceneDelegate.swift in Sources */ = {isa = PBXBuildFile; fileRef = 164651A82A364F5E008381AD /* SceneDelegate.swift */; };
		164651AB2A364F5E008381AD /* LogInViewController.swift in Sources */ = {isa = PBXBuildFile; fileRef = 164651AA2A364F5E008381AD /* LogInViewController.swift */; };
		164651AE2A364F5E008381AD /* Main.storyboard in Resources */ = {isa = PBXBuildFile; fileRef = 164651AC2A364F5E008381AD /* Main.storyboard */; };
		164651B02A364F5F008381AD /* Assets.xcassets in Resources */ = {isa = PBXBuildFile; fileRef = 164651AF2A364F5F008381AD /* Assets.xcassets */; };
		164651B32A364F5F008381AD /* LaunchScreen.storyboard in Resources */ = {isa = PBXBuildFile; fileRef = 164651B12A364F5F008381AD /* LaunchScreen.storyboard */; };
		164651BE2A364F5F008381AD /* DailyUpdateTests.swift in Sources */ = {isa = PBXBuildFile; fileRef = 164651BD2A364F5F008381AD /* DailyUpdateTests.swift */; };
		164651C82A364F5F008381AD /* DailyUpdateUITests.swift in Sources */ = {isa = PBXBuildFile; fileRef = 164651C72A364F5F008381AD /* DailyUpdateUITests.swift */; };
		164651CA2A364F5F008381AD /* DailyUpdateUITestsLaunchTests.swift in Sources */ = {isa = PBXBuildFile; fileRef = 164651C92A364F5F008381AD /* DailyUpdateUITestsLaunchTests.swift */; };
		167B57482A38E4AB00964DFD /* Lottie in Frameworks */ = {isa = PBXBuildFile; productRef = 167B57472A38E4AB00964DFD /* Lottie */; };
		167B574A2A38E58C00964DFD /* startAnimation.json in Resources */ = {isa = PBXBuildFile; fileRef = 167B57492A38E58C00964DFD /* startAnimation.json */; };
		16BA99412A447BAF006C8B1E /* NewsDescCell.swift in Sources */ = {isa = PBXBuildFile; fileRef = 16BA993F2A447BAF006C8B1E /* NewsDescCell.swift */; };
		16BA99422A447BAF006C8B1E /* NewsDescCell.xib in Resources */ = {isa = PBXBuildFile; fileRef = 16BA99402A447BAF006C8B1E /* NewsDescCell.xib */; };
		16BA99462A4483D4006C8B1E /* HeadlineViewController.swift in Sources */ = {isa = PBXBuildFile; fileRef = 16BA99452A4483D4006C8B1E /* HeadlineViewController.swift */; };
		16DACBA72A41F569008064CD /* IQKeyboardManagerSwift in Frameworks */ = {isa = PBXBuildFile; productRef = 16DACBA62A41F569008064CD /* IQKeyboardManagerSwift */; };
		16DACBAB2A41FBB7008064CD /* SignUpViewController.swift in Sources */ = {isa = PBXBuildFile; fileRef = 16DACBAA2A41FBB7008064CD /* SignUpViewController.swift */; };
		16DACBAF2A41FEAB008064CD /* SignUpAnimation.json in Resources */ = {isa = PBXBuildFile; fileRef = 16DACBAE2A41FEAB008064CD /* SignUpAnimation.json */; };
/* End PBXBuildFile section */

/* Begin PBXContainerItemProxy section */
		164651BA2A364F5F008381AD /* PBXContainerItemProxy */ = {
			isa = PBXContainerItemProxy;
			containerPortal = 1646519B2A364F5E008381AD /* Project object */;
			proxyType = 1;
			remoteGlobalIDString = 164651A22A364F5E008381AD;
			remoteInfo = DailyUpdate;
		};
		164651C42A364F5F008381AD /* PBXContainerItemProxy */ = {
			isa = PBXContainerItemProxy;
			containerPortal = 1646519B2A364F5E008381AD /* Project object */;
			proxyType = 1;
			remoteGlobalIDString = 164651A22A364F5E008381AD;
			remoteInfo = DailyUpdate;
		};
/* End PBXContainerItemProxy section */

/* Begin PBXFileReference section */
		164651A32A364F5E008381AD /* DailyUpdate.app */ = {isa = PBXFileReference; explicitFileType = wrapper.application; includeInIndex = 0; path = DailyUpdate.app; sourceTree = BUILT_PRODUCTS_DIR; };
		164651A62A364F5E008381AD /* AppDelegate.swift */ = {isa = PBXFileReference; lastKnownFileType = sourcecode.swift; path = AppDelegate.swift; sourceTree = "<group>"; };
		164651A82A364F5E008381AD /* SceneDelegate.swift */ = {isa = PBXFileReference; lastKnownFileType = sourcecode.swift; path = SceneDelegate.swift; sourceTree = "<group>"; };
		164651AA2A364F5E008381AD /* LogInViewController.swift */ = {isa = PBXFileReference; lastKnownFileType = sourcecode.swift; path = LogInViewController.swift; sourceTree = "<group>"; };
		164651AD2A364F5E008381AD /* Base */ = {isa = PBXFileReference; lastKnownFileType = file.storyboard; name = Base; path = Base.lproj/Main.storyboard; sourceTree = "<group>"; };
		164651AF2A364F5F008381AD /* Assets.xcassets */ = {isa = PBXFileReference; lastKnownFileType = folder.assetcatalog; path = Assets.xcassets; sourceTree = "<group>"; };
		164651B22A364F5F008381AD /* Base */ = {isa = PBXFileReference; lastKnownFileType = file.storyboard; name = Base; path = Base.lproj/LaunchScreen.storyboard; sourceTree = "<group>"; };
		164651B42A364F5F008381AD /* Info.plist */ = {isa = PBXFileReference; lastKnownFileType = text.plist.xml; path = Info.plist; sourceTree = "<group>"; };
		164651B92A364F5F008381AD /* DailyUpdateTests.xctest */ = {isa = PBXFileReference; explicitFileType = wrapper.cfbundle; includeInIndex = 0; path = DailyUpdateTests.xctest; sourceTree = BUILT_PRODUCTS_DIR; };
		164651BD2A364F5F008381AD /* DailyUpdateTests.swift */ = {isa = PBXFileReference; lastKnownFileType = sourcecode.swift; path = DailyUpdateTests.swift; sourceTree = "<group>"; };
		164651C32A364F5F008381AD /* DailyUpdateUITests.xctest */ = {isa = PBXFileReference; explicitFileType = wrapper.cfbundle; includeInIndex = 0; path = DailyUpdateUITests.xctest; sourceTree = BUILT_PRODUCTS_DIR; };
		164651C72A364F5F008381AD /* DailyUpdateUITests.swift */ = {isa = PBXFileReference; lastKnownFileType = sourcecode.swift; path = DailyUpdateUITests.swift; sourceTree = "<group>"; };
		164651C92A364F5F008381AD /* DailyUpdateUITestsLaunchTests.swift */ = {isa = PBXFileReference; lastKnownFileType = sourcecode.swift; path = DailyUpdateUITestsLaunchTests.swift; sourceTree = "<group>"; };
		167B57492A38E58C00964DFD /* startAnimation.json */ = {isa = PBXFileReference; fileEncoding = 4; lastKnownFileType = text.json; name = startAnimation.json; path = ../../../../Downloads/startAnimation.json; sourceTree = "<group>"; };
		16BA993F2A447BAF006C8B1E /* NewsDescCell.swift */ = {isa = PBXFileReference; lastKnownFileType = sourcecode.swift; path = NewsDescCell.swift; sourceTree = "<group>"; };
		16BA99402A447BAF006C8B1E /* NewsDescCell.xib */ = {isa = PBXFileReference; lastKnownFileType = file.xib; path = NewsDescCell.xib; sourceTree = "<group>"; };
		16BA99452A4483D4006C8B1E /* HeadlineViewController.swift */ = {isa = PBXFileReference; lastKnownFileType = sourcecode.swift; path = HeadlineViewController.swift; sourceTree = "<group>"; };
		16DACBAA2A41FBB7008064CD /* SignUpViewController.swift */ = {isa = PBXFileReference; lastKnownFileType = sourcecode.swift; path = SignUpViewController.swift; sourceTree = "<group>"; };
		16DACBAE2A41FEAB008064CD /* SignUpAnimation.json */ = {isa = PBXFileReference; fileEncoding = 4; lastKnownFileType = text.json; name = SignUpAnimation.json; path = ../../../../Downloads/SignUpAnimation.json; sourceTree = "<group>"; };
		16DACBB12A4201D2008064CD /* startAnimation.json */ = {isa = PBXFileReference; lastKnownFileType = text.json; path = startAnimation.json; sourceTree = "<group>"; };
		16DACBB22A4201D2008064CD /* SignUpAnimation.json */ = {isa = PBXFileReference; lastKnownFileType = text.json; path = SignUpAnimation.json; sourceTree = "<group>"; };
/* End PBXFileReference section */

/* Begin PBXFrameworksBuildPhase section */
		164651A02A364F5E008381AD /* Frameworks */ = {
			isa = PBXFrameworksBuildPhase;
			buildActionMask = 2147483647;
			files = (
				167B57482A38E4AB00964DFD /* Lottie in Frameworks */,
				16DACBA72A41F569008064CD /* IQKeyboardManagerSwift in Frameworks */,
			);
			runOnlyForDeploymentPostprocessing = 0;
		};
		164651B62A364F5F008381AD /* Frameworks */ = {
			isa = PBXFrameworksBuildPhase;
			buildActionMask = 2147483647;
			files = (
			);
			runOnlyForDeploymentPostprocessing = 0;
		};
		164651C02A364F5F008381AD /* Frameworks */ = {
			isa = PBXFrameworksBuildPhase;
			buildActionMask = 2147483647;
			files = (
			);
			runOnlyForDeploymentPostprocessing = 0;
		};
/* End PBXFrameworksBuildPhase section */

/* Begin PBXGroup section */
		1646519A2A364F5E008381AD = {
			isa = PBXGroup;
			children = (
				164651A52A364F5E008381AD /* DailyUpdate */,
				164651BC2A364F5F008381AD /* DailyUpdateTests */,
				164651C62A364F5F008381AD /* DailyUpdateUITests */,
				164651A42A364F5E008381AD /* Products */,
			);
			sourceTree = "<group>";
		};
		164651A42A364F5E008381AD /* Products */ = {
			isa = PBXGroup;
			children = (
				164651A32A364F5E008381AD /* DailyUpdate.app */,
				164651B92A364F5F008381AD /* DailyUpdateTests.xctest */,
				164651C32A364F5F008381AD /* DailyUpdateUITests.xctest */,
			);
			name = Products;
			sourceTree = "<group>";
		};
		164651A52A364F5E008381AD /* DailyUpdate */ = {
			isa = PBXGroup;
			children = (
				16DACBB02A4201C5008064CD /* AnimationFiles */,
				164651A62A364F5E008381AD /* AppDelegate.swift */,
				164651A82A364F5E008381AD /* SceneDelegate.swift */,
				164651D62A364F73008381AD /* Model */,
				164651D72A364F7B008381AD /* View */,
				164651D92A364F91008381AD /* Controller */,
				164651AF2A364F5F008381AD /* Assets.xcassets */,
				167B57492A38E58C00964DFD /* startAnimation.json */,
				16DACBAE2A41FEAB008064CD /* SignUpAnimation.json */,
				164651B42A364F5F008381AD /* Info.plist */,
			);
			path = DailyUpdate;
			sourceTree = "<group>";
		};
		164651BC2A364F5F008381AD /* DailyUpdateTests */ = {
			isa = PBXGroup;
			children = (
				164651BD2A364F5F008381AD /* DailyUpdateTests.swift */,
			);
			path = DailyUpdateTests;
			sourceTree = "<group>";
		};
		164651C62A364F5F008381AD /* DailyUpdateUITests */ = {
			isa = PBXGroup;
			children = (
				164651C72A364F5F008381AD /* DailyUpdateUITests.swift */,
				164651C92A364F5F008381AD /* DailyUpdateUITestsLaunchTests.swift */,
			);
			path = DailyUpdateUITests;
			sourceTree = "<group>";
		};
		164651D62A364F73008381AD /* Model */ = {
			isa = PBXGroup;
			children = (
			);
			path = Model;
			sourceTree = "<group>";
		};
		164651D72A364F7B008381AD /* View */ = {
			isa = PBXGroup;
			children = (
				164651AC2A364F5E008381AD /* Main.storyboard */,
				164651B12A364F5F008381AD /* LaunchScreen.storyboard */,
				16BA993F2A447BAF006C8B1E /* NewsDescCell.swift */,
				16BA99402A447BAF006C8B1E /* NewsDescCell.xib */,
			);
			path = View;
			sourceTree = "<group>";
		};
		164651D92A364F91008381AD /* Controller */ = {
			isa = PBXGroup;
			children = (
				164651AA2A364F5E008381AD /* LogInViewController.swift */,
				16DACBAA2A41FBB7008064CD /* SignUpViewController.swift */,
				16BA99452A4483D4006C8B1E /* HeadlineViewController.swift */,
			);
			path = Controller;
			sourceTree = "<group>";
		};
		16DACBB02A4201C5008064CD /* AnimationFiles */ = {
			isa = PBXGroup;
			children = (
				16DACBB12A4201D2008064CD /* startAnimation.json */,
				16DACBB22A4201D2008064CD /* SignUpAnimation.json */,
			);
			path = AnimationFiles;
			sourceTree = "<group>";
		};
/* End PBXGroup section */

/* Begin PBXNativeTarget section */
		164651A22A364F5E008381AD /* DailyUpdate */ = {
			isa = PBXNativeTarget;
			buildConfigurationList = 164651CD2A364F5F008381AD /* Build configuration list for PBXNativeTarget "DailyUpdate" */;
			buildPhases = (
				1646519F2A364F5E008381AD /* Sources */,
				164651A02A364F5E008381AD /* Frameworks */,
				164651A12A364F5E008381AD /* Resources */,
			);
			buildRules = (
			);
			dependencies = (
			);
			name = DailyUpdate;
			packageProductDependencies = (
				167B57472A38E4AB00964DFD /* Lottie */,
				16DACBA62A41F569008064CD /* IQKeyboardManagerSwift */,
			);
			productName = DailyUpdate;
			productReference = 164651A32A364F5E008381AD /* DailyUpdate.app */;
			productType = "com.apple.product-type.application";
		};
		164651B82A364F5F008381AD /* DailyUpdateTests */ = {
			isa = PBXNativeTarget;
			buildConfigurationList = 164651D02A364F5F008381AD /* Build configuration list for PBXNativeTarget "DailyUpdateTests" */;
			buildPhases = (
				164651B52A364F5F008381AD /* Sources */,
				164651B62A364F5F008381AD /* Frameworks */,
				164651B72A364F5F008381AD /* Resources */,
			);
			buildRules = (
			);
			dependencies = (
				164651BB2A364F5F008381AD /* PBXTargetDependency */,
			);
			name = DailyUpdateTests;
			productName = DailyUpdateTests;
			productReference = 164651B92A364F5F008381AD /* DailyUpdateTests.xctest */;
			productType = "com.apple.product-type.bundle.unit-test";
		};
		164651C22A364F5F008381AD /* DailyUpdateUITests */ = {
			isa = PBXNativeTarget;
			buildConfigurationList = 164651D32A364F5F008381AD /* Build configuration list for PBXNativeTarget "DailyUpdateUITests" */;
			buildPhases = (
				164651BF2A364F5F008381AD /* Sources */,
				164651C02A364F5F008381AD /* Frameworks */,
				164651C12A364F5F008381AD /* Resources */,
			);
			buildRules = (
			);
			dependencies = (
				164651C52A364F5F008381AD /* PBXTargetDependency */,
			);
			name = DailyUpdateUITests;
			productName = DailyUpdateUITests;
			productReference = 164651C32A364F5F008381AD /* DailyUpdateUITests.xctest */;
			productType = "com.apple.product-type.bundle.ui-testing";
		};
/* End PBXNativeTarget section */

/* Begin PBXProject section */
		1646519B2A364F5E008381AD /* Project object */ = {
			isa = PBXProject;
			attributes = {
				BuildIndependentTargetsInParallel = 1;
				LastSwiftUpdateCheck = 1430;
				LastUpgradeCheck = 1430;
				TargetAttributes = {
					164651A22A364F5E008381AD = {
						CreatedOnToolsVersion = 14.3;
					};
					164651B82A364F5F008381AD = {
						CreatedOnToolsVersion = 14.3;
						TestTargetID = 164651A22A364F5E008381AD;
					};
					164651C22A364F5F008381AD = {
						CreatedOnToolsVersion = 14.3;
						TestTargetID = 164651A22A364F5E008381AD;
					};
				};
			};
			buildConfigurationList = 1646519E2A364F5E008381AD /* Build configuration list for PBXProject "DailyUpdate" */;
			compatibilityVersion = "Xcode 14.0";
			developmentRegion = en;
			hasScannedForEncodings = 0;
			knownRegions = (
				en,
				Base,
			);
			mainGroup = 1646519A2A364F5E008381AD;
			packageReferences = (
				167B57462A38E4AB00964DFD /* XCRemoteSwiftPackageReference "lottie-ios" */,
				16DACBA52A41F569008064CD /* XCRemoteSwiftPackageReference "IQKeyboardManager" */,
			);
			productRefGroup = 164651A42A364F5E008381AD /* Products */;
			projectDirPath = "";
			projectRoot = "";
			targets = (
				164651A22A364F5E008381AD /* DailyUpdate */,
				164651B82A364F5F008381AD /* DailyUpdateTests */,
				164651C22A364F5F008381AD /* DailyUpdateUITests */,
			);
		};
/* End PBXProject section */

/* Begin PBXResourcesBuildPhase section */
		164651A12A364F5E008381AD /* Resources */ = {
			isa = PBXResourcesBuildPhase;
			buildActionMask = 2147483647;
			files = (
				167B574A2A38E58C00964DFD /* startAnimation.json in Resources */,
				16BA99422A447BAF006C8B1E /* NewsDescCell.xib in Resources */,
				16DACBAF2A41FEAB008064CD /* SignUpAnimation.json in Resources */,
				164651B32A364F5F008381AD /* LaunchScreen.storyboard in Resources */,
				164651B02A364F5F008381AD /* Assets.xcassets in Resources */,
				164651AE2A364F5E008381AD /* Main.storyboard in Resources */,
			);
			runOnlyForDeploymentPostprocessing = 0;
		};
		164651B72A364F5F008381AD /* Resources */ = {
			isa = PBXResourcesBuildPhase;
			buildActionMask = 2147483647;
			files = (
			);
			runOnlyForDeploymentPostprocessing = 0;
		};
		164651C12A364F5F008381AD /* Resources */ = {
			isa = PBXResourcesBuildPhase;
			buildActionMask = 2147483647;
			files = (
			);
			runOnlyForDeploymentPostprocessing = 0;
		};
/* End PBXResourcesBuildPhase section */

/* Begin PBXSourcesBuildPhase section */
		1646519F2A364F5E008381AD /* Sources */ = {
			isa = PBXSourcesBuildPhase;
			buildActionMask = 2147483647;
			files = (
				16BA99462A4483D4006C8B1E /* HeadlineViewController.swift in Sources */,
				164651AB2A364F5E008381AD /* LogInViewController.swift in Sources */,
				164651A72A364F5E008381AD /* AppDelegate.swift in Sources */,
				16DACBAB2A41FBB7008064CD /* SignUpViewController.swift in Sources */,
				16BA99412A447BAF006C8B1E /* NewsDescCell.swift in Sources */,
				164651A92A364F5E008381AD /* SceneDelegate.swift in Sources */,
			);
			runOnlyForDeploymentPostprocessing = 0;
		};
		164651B52A364F5F008381AD /* Sources */ = {
			isa = PBXSourcesBuildPhase;
			buildActionMask = 2147483647;
			files = (
				164651BE2A364F5F008381AD /* DailyUpdateTests.swift in Sources */,
			);
			runOnlyForDeploymentPostprocessing = 0;
		};
		164651BF2A364F5F008381AD /* Sources */ = {
			isa = PBXSourcesBuildPhase;
			buildActionMask = 2147483647;
			files = (
				164651C82A364F5F008381AD /* DailyUpdateUITests.swift in Sources */,
				164651CA2A364F5F008381AD /* DailyUpdateUITestsLaunchTests.swift in Sources */,
			);
			runOnlyForDeploymentPostprocessing = 0;
		};
/* End PBXSourcesBuildPhase section */

/* Begin PBXTargetDependency section */
		164651BB2A364F5F008381AD /* PBXTargetDependency */ = {
			isa = PBXTargetDependency;
			target = 164651A22A364F5E008381AD /* DailyUpdate */;
			targetProxy = 164651BA2A364F5F008381AD /* PBXContainerItemProxy */;
		};
		164651C52A364F5F008381AD /* PBXTargetDependency */ = {
			isa = PBXTargetDependency;
			target = 164651A22A364F5E008381AD /* DailyUpdate */;
			targetProxy = 164651C42A364F5F008381AD /* PBXContainerItemProxy */;
		};
/* End PBXTargetDependency section */

/* Begin PBXVariantGroup section */
		164651AC2A364F5E008381AD /* Main.storyboard */ = {
			isa = PBXVariantGroup;
			children = (
				164651AD2A364F5E008381AD /* Base */,
			);
			name = Main.storyboard;
			sourceTree = "<group>";
		};
		164651B12A364F5F008381AD /* LaunchScreen.storyboard */ = {
			isa = PBXVariantGroup;
			children = (
				164651B22A364F5F008381AD /* Base */,
			);
			name = LaunchScreen.storyboard;
			sourceTree = "<group>";
		};
/* End PBXVariantGroup section */

/* Begin XCBuildConfiguration section */
		164651CB2A364F5F008381AD /* Debug */ = {
			isa = XCBuildConfiguration;
			buildSettings = {
				ALWAYS_SEARCH_USER_PATHS = NO;
				CLANG_ANALYZER_NONNULL = YES;
				CLANG_ANALYZER_NUMBER_OBJECT_CONVERSION = YES_AGGRESSIVE;
				CLANG_CXX_LANGUAGE_STANDARD = "gnu++20";
				CLANG_ENABLE_MODULES = YES;
				CLANG_ENABLE_OBJC_ARC = YES;
				CLANG_ENABLE_OBJC_WEAK = YES;
				CLANG_WARN_BLOCK_CAPTURE_AUTORELEASING = YES;
				CLANG_WARN_BOOL_CONVERSION = YES;
				CLANG_WARN_COMMA = YES;
				CLANG_WARN_CONSTANT_CONVERSION = YES;
				CLANG_WARN_DEPRECATED_OBJC_IMPLEMENTATIONS = YES;
				CLANG_WARN_DIRECT_OBJC_ISA_USAGE = YES_ERROR;
				CLANG_WARN_DOCUMENTATION_COMMENTS = YES;
				CLANG_WARN_EMPTY_BODY = YES;
				CLANG_WARN_ENUM_CONVERSION = YES;
				CLANG_WARN_INFINITE_RECURSION = YES;
				CLANG_WARN_INT_CONVERSION = YES;
				CLANG_WARN_NON_LITERAL_NULL_CONVERSION = YES;
				CLANG_WARN_OBJC_IMPLICIT_RETAIN_SELF = YES;
				CLANG_WARN_OBJC_LITERAL_CONVERSION = YES;
				CLANG_WARN_OBJC_ROOT_CLASS = YES_ERROR;
				CLANG_WARN_QUOTED_INCLUDE_IN_FRAMEWORK_HEADER = YES;
				CLANG_WARN_RANGE_LOOP_ANALYSIS = YES;
				CLANG_WARN_STRICT_PROTOTYPES = YES;
				CLANG_WARN_SUSPICIOUS_MOVE = YES;
				CLANG_WARN_UNGUARDED_AVAILABILITY = YES_AGGRESSIVE;
				CLANG_WARN_UNREACHABLE_CODE = YES;
				CLANG_WARN__DUPLICATE_METHOD_MATCH = YES;
				COPY_PHASE_STRIP = NO;
				DEBUG_INFORMATION_FORMAT = dwarf;
				ENABLE_STRICT_OBJC_MSGSEND = YES;
				ENABLE_TESTABILITY = YES;
				GCC_C_LANGUAGE_STANDARD = gnu11;
				GCC_DYNAMIC_NO_PIC = NO;
				GCC_NO_COMMON_BLOCKS = YES;
				GCC_OPTIMIZATION_LEVEL = 0;
				GCC_PREPROCESSOR_DEFINITIONS = (
					"DEBUG=1",
					"$(inherited)",
				);
				GCC_WARN_64_TO_32_BIT_CONVERSION = YES;
				GCC_WARN_ABOUT_RETURN_TYPE = YES_ERROR;
				GCC_WARN_UNDECLARED_SELECTOR = YES;
				GCC_WARN_UNINITIALIZED_AUTOS = YES_AGGRESSIVE;
				GCC_WARN_UNUSED_FUNCTION = YES;
				GCC_WARN_UNUSED_VARIABLE = YES;
				IPHONEOS_DEPLOYMENT_TARGET = 16.4;
				MTL_ENABLE_DEBUG_INFO = INCLUDE_SOURCE;
				MTL_FAST_MATH = YES;
				ONLY_ACTIVE_ARCH = YES;
				SDKROOT = iphoneos;
				SWIFT_ACTIVE_COMPILATION_CONDITIONS = DEBUG;
				SWIFT_OPTIMIZATION_LEVEL = "-Onone";
			};
			name = Debug;
		};
		164651CC2A364F5F008381AD /* Release */ = {
			isa = XCBuildConfiguration;
			buildSettings = {
				ALWAYS_SEARCH_USER_PATHS = NO;
				CLANG_ANALYZER_NONNULL = YES;
				CLANG_ANALYZER_NUMBER_OBJECT_CONVERSION = YES_AGGRESSIVE;
				CLANG_CXX_LANGUAGE_STANDARD = "gnu++20";
				CLANG_ENABLE_MODULES = YES;
				CLANG_ENABLE_OBJC_ARC = YES;
				CLANG_ENABLE_OBJC_WEAK = YES;
				CLANG_WARN_BLOCK_CAPTURE_AUTORELEASING = YES;
				CLANG_WARN_BOOL_CONVERSION = YES;
				CLANG_WARN_COMMA = YES;
				CLANG_WARN_CONSTANT_CONVERSION = YES;
				CLANG_WARN_DEPRECATED_OBJC_IMPLEMENTATIONS = YES;
				CLANG_WARN_DIRECT_OBJC_ISA_USAGE = YES_ERROR;
				CLANG_WARN_DOCUMENTATION_COMMENTS = YES;
				CLANG_WARN_EMPTY_BODY = YES;
				CLANG_WARN_ENUM_CONVERSION = YES;
				CLANG_WARN_INFINITE_RECURSION = YES;
				CLANG_WARN_INT_CONVERSION = YES;
				CLANG_WARN_NON_LITERAL_NULL_CONVERSION = YES;
				CLANG_WARN_OBJC_IMPLICIT_RETAIN_SELF = YES;
				CLANG_WARN_OBJC_LITERAL_CONVERSION = YES;
				CLANG_WARN_OBJC_ROOT_CLASS = YES_ERROR;
				CLANG_WARN_QUOTED_INCLUDE_IN_FRAMEWORK_HEADER = YES;
				CLANG_WARN_RANGE_LOOP_ANALYSIS = YES;
				CLANG_WARN_STRICT_PROTOTYPES = YES;
				CLANG_WARN_SUSPICIOUS_MOVE = YES;
				CLANG_WARN_UNGUARDED_AVAILABILITY = YES_AGGRESSIVE;
				CLANG_WARN_UNREACHABLE_CODE = YES;
				CLANG_WARN__DUPLICATE_METHOD_MATCH = YES;
				COPY_PHASE_STRIP = NO;
				DEBUG_INFORMATION_FORMAT = "dwarf-with-dsym";
				ENABLE_NS_ASSERTIONS = NO;
				ENABLE_STRICT_OBJC_MSGSEND = YES;
				GCC_C_LANGUAGE_STANDARD = gnu11;
				GCC_NO_COMMON_BLOCKS = YES;
				GCC_WARN_64_TO_32_BIT_CONVERSION = YES;
				GCC_WARN_ABOUT_RETURN_TYPE = YES_ERROR;
				GCC_WARN_UNDECLARED_SELECTOR = YES;
				GCC_WARN_UNINITIALIZED_AUTOS = YES_AGGRESSIVE;
				GCC_WARN_UNUSED_FUNCTION = YES;
				GCC_WARN_UNUSED_VARIABLE = YES;
				IPHONEOS_DEPLOYMENT_TARGET = 16.4;
				MTL_ENABLE_DEBUG_INFO = NO;
				MTL_FAST_MATH = YES;
				SDKROOT = iphoneos;
				SWIFT_COMPILATION_MODE = wholemodule;
				SWIFT_OPTIMIZATION_LEVEL = "-O";
				VALIDATE_PRODUCT = YES;
			};
			name = Release;
		};
		164651CE2A364F5F008381AD /* Debug */ = {
			isa = XCBuildConfiguration;
			buildSettings = {
				ASSETCATALOG_COMPILER_APPICON_NAME = AppIcon;
				ASSETCATALOG_COMPILER_GLOBAL_ACCENT_COLOR_NAME = AccentColor;
				CODE_SIGN_STYLE = Automatic;
				CURRENT_PROJECT_VERSION = 1;
				DEVELOPMENT_TEAM = XVV6L89S5W;
				GENERATE_INFOPLIST_FILE = YES;
				INFOPLIST_FILE = DailyUpdate/Info.plist;
				INFOPLIST_KEY_UIApplicationSupportsIndirectInputEvents = YES;
				INFOPLIST_KEY_UILaunchStoryboardName = LaunchScreen;
				INFOPLIST_KEY_UIMainStoryboardFile = Main;
				INFOPLIST_KEY_UISupportedInterfaceOrientations_iPad = "UIInterfaceOrientationPortrait UIInterfaceOrientationPortraitUpsideDown UIInterfaceOrientationLandscapeLeft UIInterfaceOrientationLandscapeRight";
				INFOPLIST_KEY_UISupportedInterfaceOrientations_iPhone = "UIInterfaceOrientationPortrait UIInterfaceOrientationLandscapeLeft UIInterfaceOrientationLandscapeRight";
				LD_RUNPATH_SEARCH_PATHS = (
					"$(inherited)",
					"@executable_path/Frameworks",
				);
				MARKETING_VERSION = 1.0;
				PRODUCT_BUNDLE_IDENTIFIER = Jigmet.DailyUpdate;
				PRODUCT_NAME = "$(TARGET_NAME)";
				SWIFT_EMIT_LOC_STRINGS = YES;
				SWIFT_VERSION = 5.0;
				TARGETED_DEVICE_FAMILY = "1,2";
			};
			name = Debug;
		};
		164651CF2A364F5F008381AD /* Release */ = {
			isa = XCBuildConfiguration;
			buildSettings = {
				ASSETCATALOG_COMPILER_APPICON_NAME = AppIcon;
				ASSETCATALOG_COMPILER_GLOBAL_ACCENT_COLOR_NAME = AccentColor;
				CODE_SIGN_STYLE = Automatic;
				CURRENT_PROJECT_VERSION = 1;
				DEVELOPMENT_TEAM = XVV6L89S5W;
				GENERATE_INFOPLIST_FILE = YES;
				INFOPLIST_FILE = DailyUpdate/Info.plist;
				INFOPLIST_KEY_UIApplicationSupportsIndirectInputEvents = YES;
				INFOPLIST_KEY_UILaunchStoryboardName = LaunchScreen;
				INFOPLIST_KEY_UIMainStoryboardFile = Main;
				INFOPLIST_KEY_UISupportedInterfaceOrientations_iPad = "UIInterfaceOrientationPortrait UIInterfaceOrientationPortraitUpsideDown UIInterfaceOrientationLandscapeLeft UIInterfaceOrientationLandscapeRight";
				INFOPLIST_KEY_UISupportedInterfaceOrientations_iPhone = "UIInterfaceOrientationPortrait UIInterfaceOrientationLandscapeLeft UIInterfaceOrientationLandscapeRight";
				LD_RUNPATH_SEARCH_PATHS = (
					"$(inherited)",
					"@executable_path/Frameworks",
				);
				MARKETING_VERSION = 1.0;
				PRODUCT_BUNDLE_IDENTIFIER = Jigmet.DailyUpdate;
				PRODUCT_NAME = "$(TARGET_NAME)";
				SWIFT_EMIT_LOC_STRINGS = YES;
				SWIFT_VERSION = 5.0;
				TARGETED_DEVICE_FAMILY = "1,2";
			};
			name = Release;
		};
		164651D12A364F5F008381AD /* Debug */ = {
			isa = XCBuildConfiguration;
			buildSettings = {
				ALWAYS_EMBED_SWIFT_STANDARD_LIBRARIES = YES;
				BUNDLE_LOADER = "$(TEST_HOST)";
				CODE_SIGN_STYLE = Automatic;
				CURRENT_PROJECT_VERSION = 1;
				DEVELOPMENT_TEAM = XVV6L89S5W;
				GENERATE_INFOPLIST_FILE = YES;
				IPHONEOS_DEPLOYMENT_TARGET = 16.4;
				MARKETING_VERSION = 1.0;
				PRODUCT_BUNDLE_IDENTIFIER = Jigmet.DailyUpdateTests;
				PRODUCT_NAME = "$(TARGET_NAME)";
				SWIFT_EMIT_LOC_STRINGS = NO;
				SWIFT_VERSION = 5.0;
				TARGETED_DEVICE_FAMILY = "1,2";
				TEST_HOST = "$(BUILT_PRODUCTS_DIR)/DailyUpdate.app/$(BUNDLE_EXECUTABLE_FOLDER_PATH)/DailyUpdate";
			};
			name = Debug;
		};
		164651D22A364F5F008381AD /* Release */ = {
			isa = XCBuildConfiguration;
			buildSettings = {
				ALWAYS_EMBED_SWIFT_STANDARD_LIBRARIES = YES;
				BUNDLE_LOADER = "$(TEST_HOST)";
				CODE_SIGN_STYLE = Automatic;
				CURRENT_PROJECT_VERSION = 1;
				DEVELOPMENT_TEAM = XVV6L89S5W;
				GENERATE_INFOPLIST_FILE = YES;
				IPHONEOS_DEPLOYMENT_TARGET = 16.4;
				MARKETING_VERSION = 1.0;
				PRODUCT_BUNDLE_IDENTIFIER = Jigmet.DailyUpdateTests;
				PRODUCT_NAME = "$(TARGET_NAME)";
				SWIFT_EMIT_LOC_STRINGS = NO;
				SWIFT_VERSION = 5.0;
				TARGETED_DEVICE_FAMILY = "1,2";
				TEST_HOST = "$(BUILT_PRODUCTS_DIR)/DailyUpdate.app/$(BUNDLE_EXECUTABLE_FOLDER_PATH)/DailyUpdate";
			};
			name = Release;
		};
		164651D42A364F5F008381AD /* Debug */ = {
			isa = XCBuildConfiguration;
			buildSettings = {
				ALWAYS_EMBED_SWIFT_STANDARD_LIBRARIES = YES;
				CODE_SIGN_STYLE = Automatic;
				CURRENT_PROJECT_VERSION = 1;
				DEVELOPMENT_TEAM = XVV6L89S5W;
				GENERATE_INFOPLIST_FILE = YES;
				MARKETING_VERSION = 1.0;
				PRODUCT_BUNDLE_IDENTIFIER = Jigmet.DailyUpdateUITests;
				PRODUCT_NAME = "$(TARGET_NAME)";
				SWIFT_EMIT_LOC_STRINGS = NO;
				SWIFT_VERSION = 5.0;
				TARGETED_DEVICE_FAMILY = "1,2";
				TEST_TARGET_NAME = DailyUpdate;
			};
			name = Debug;
		};
		164651D52A364F5F008381AD /* Release */ = {
			isa = XCBuildConfiguration;
			buildSettings = {
				ALWAYS_EMBED_SWIFT_STANDARD_LIBRARIES = YES;
				CODE_SIGN_STYLE = Automatic;
				CURRENT_PROJECT_VERSION = 1;
				DEVELOPMENT_TEAM = XVV6L89S5W;
				GENERATE_INFOPLIST_FILE = YES;
				MARKETING_VERSION = 1.0;
				PRODUCT_BUNDLE_IDENTIFIER = Jigmet.DailyUpdateUITests;
				PRODUCT_NAME = "$(TARGET_NAME)";
				SWIFT_EMIT_LOC_STRINGS = NO;
				SWIFT_VERSION = 5.0;
				TARGETED_DEVICE_FAMILY = "1,2";
				TEST_TARGET_NAME = DailyUpdate;
			};
			name = Release;
		};
/* End XCBuildConfiguration section */

/* Begin XCConfigurationList section */
		1646519E2A364F5E008381AD /* Build configuration list for PBXProject "DailyUpdate" */ = {
			isa = XCConfigurationList;
			buildConfigurations = (
				164651CB2A364F5F008381AD /* Debug */,
				164651CC2A364F5F008381AD /* Release */,
			);
			defaultConfigurationIsVisible = 0;
			defaultConfigurationName = Release;
		};
		164651CD2A364F5F008381AD /* Build configuration list for PBXNativeTarget "DailyUpdate" */ = {
			isa = XCConfigurationList;
			buildConfigurations = (
				164651CE2A364F5F008381AD /* Debug */,
				164651CF2A364F5F008381AD /* Release */,
			);
			defaultConfigurationIsVisible = 0;
			defaultConfigurationName = Release;
		};
		164651D02A364F5F008381AD /* Build configuration list for PBXNativeTarget "DailyUpdateTests" */ = {
			isa = XCConfigurationList;
			buildConfigurations = (
				164651D12A364F5F008381AD /* Debug */,
				164651D22A364F5F008381AD /* Release */,
			);
			defaultConfigurationIsVisible = 0;
			defaultConfigurationName = Release;
		};
		164651D32A364F5F008381AD /* Build configuration list for PBXNativeTarget "DailyUpdateUITests" */ = {
			isa = XCConfigurationList;
			buildConfigurations = (
				164651D42A364F5F008381AD /* Debug */,
				164651D52A364F5F008381AD /* Release */,
			);
			defaultConfigurationIsVisible = 0;
			defaultConfigurationName = Release;
		};
/* End XCConfigurationList section */

/* Begin XCRemoteSwiftPackageReference section */
		167B57462A38E4AB00964DFD /* XCRemoteSwiftPackageReference "lottie-ios" */ = {
			isa = XCRemoteSwiftPackageReference;
			repositoryURL = "https://github.com/airbnb/lottie-ios.git";
			requirement = {
				kind = upToNextMajorVersion;
				minimumVersion = 4.0.0;
			};
		};
		16DACBA52A41F569008064CD /* XCRemoteSwiftPackageReference "IQKeyboardManager" */ = {
			isa = XCRemoteSwiftPackageReference;
			repositoryURL = "https://github.com/hackiftekhar/IQKeyboardManager.git";
			requirement = {
				kind = upToNextMajorVersion;
				minimumVersion = 6.0.0;
			};
		};
/* End XCRemoteSwiftPackageReference section */

/* Begin XCSwiftPackageProductDependency section */
		167B57472A38E4AB00964DFD /* Lottie */ = {
			isa = XCSwiftPackageProductDependency;
			package = 167B57462A38E4AB00964DFD /* XCRemoteSwiftPackageReference "lottie-ios" */;
			productName = Lottie;
		};
		16DACBA62A41F569008064CD /* IQKeyboardManagerSwift */ = {
			isa = XCSwiftPackageProductDependency;
			package = 16DACBA52A41F569008064CD /* XCRemoteSwiftPackageReference "IQKeyboardManager" */;
			productName = IQKeyboardManagerSwift;
		};
/* End XCSwiftPackageProductDependency section */
	};
	rootObject = 1646519B2A364F5E008381AD /* Project object */;
}
